
Microsoft Visual Studio Solution File, Format Version 12.00
# Visual Studio 2013
VisualStudioVersion = 12.0.21005.1
MinimumVisualStudioVersion = 10.0.40219.1
Project("{FAE04EC0-301F-11D3-BF4B-00C04F79EFBC}") = "Library", "Library\Library.csproj", "{D70DD881-C86C-4AAA-9C23-E3FD5BB22F00}"
EndProject
Project("{FAE04EC0-301F-11D3-BF4B-00C04F79EFBC}") = "Console", "Console\Console.csproj", "{76A02CB9-AABB-470F-91F9-25E52BF03C0B}"
EndProject
Project("{FAE04EC0-301F-11D3-BF4B-00C04F79EFBC}") = "Tests", "Tests\Tests.csproj", "{928C9F1E-B0D3-46B2-B7F2-33976567C6C8}"
EndProject
Global
	GlobalSection(SolutionConfigurationPlatforms) = preSolution
		Debug|Any CPU = Debug|Any CPU
		Release|Any CPU = Release|Any CPU
	EndGlobalSection
	GlobalSection(ProjectConfigurationPlatforms) = postSolution
		{D70DD881-C86C-4AAA-9C23-E3FD5BB22F00}.Debug|Any CPU.ActiveCfg = Debug|Any CPU
		{D70DD881-C86C-4AAA-9C23-E3FD5BB22F00}.Debug|Any CPU.Build.0 = Debug|Any CPU
		{D70DD881-C86C-4AAA-9C23-E3FD5BB22F00}.Release|Any CPU.ActiveCfg = Release|Any CPU
		{D70DD881-C86C-4AAA-9C23-E3FD5BB22F00}.Release|Any CPU.Build.0 = Release|Any CPU
		{76A02CB9-AABB-470F-91F9-25E52BF03C0B}.Debug|Any CPU.ActiveCfg = Debug|Any CPU
		{76A02CB9-AABB-470F-91F9-25E52BF03C0B}.Debug|Any CPU.Build.0 = Debug|Any CPU
		{76A02CB9-AABB-470F-91F9-25E52BF03C0B}.Release|Any CPU.ActiveCfg = Release|Any CPU
		{76A02CB9-AABB-470F-91F9-25E52BF03C0B}.Release|Any CPU.Build.0 = Release|Any CPU
		{928C9F1E-B0D3-46B2-B7F2-33976567C6C8}.Debug|Any CPU.ActiveCfg = Debug|Any CPU
		{928C9F1E-B0D3-46B2-B7F2-33976567C6C8}.Debug|Any CPU.Build.0 = Debug|Any CPU
		{928C9F1E-B0D3-46B2-B7F2-33976567C6C8}.Release|Any CPU.ActiveCfg = Release|Any CPU
		{928C9F1E-B0D3-46B2-B7F2-33976567C6C8}.Release|Any CPU.Build.0 = Release|Any CPU
	EndGlobalSection
	GlobalSection(SolutionProperties) = preSolution
		HideSolutionNode = FALSE
	EndGlobalSection
EndGlobal
